
Microsoft Visual Studio Solution File, Format Version 12.00
# Visual Studio 15
VisualStudioVersion = 15.0.28307.329
MinimumVisualStudioVersion = 10.0.40219.1
Project("{FAE04EC0-301F-11D3-BF4B-00C04F79EFBC}") = "GreenieAir", "GreenieAir\GreenieAir.csproj", "{4C1682F8-470D-4FDA-85E5-B504105F8A04}"
EndProject
Global
	GlobalSection(SolutionConfigurationPlatforms) = preSolution
		Debug|Any CPU = Debug|Any CPU
		Release|Any CPU = Release|Any CPU
	EndGlobalSection
	GlobalSection(ProjectConfigurationPlatforms) = postSolution
		{4C1682F8-470D-4FDA-85E5-B504105F8A04}.Debug|Any CPU.ActiveCfg = Debug|Any CPU
		{4C1682F8-470D-4FDA-85E5-B504105F8A04}.Debug|Any CPU.Build.0 = Debug|Any CPU
		{4C1682F8-470D-4FDA-85E5-B504105F8A04}.Release|Any CPU.ActiveCfg = Release|Any CPU
		{4C1682F8-470D-4FDA-85E5-B504105F8A04}.Release|Any CPU.Build.0 = Release|Any CPU
	EndGlobalSection
	GlobalSection(SolutionProperties) = preSolution
		HideSolutionNode = FALSE
	EndGlobalSection
	GlobalSection(ExtensibilityGlobals) = postSolution
		SolutionGuid = {8068F74A-9CCB-4A5B-80AB-8633F63DE68E}
	EndGlobalSection
EndGlobal
